
Microsoft Visual Studio Solution File, Format Version 12.00
# Visual Studio 2012
Project("{FAE04EC0-301F-11D3-BF4B-00C04F79EFBC}") = "SampleRpWebApp", "SampleRpWebApp\SampleRpWebApp.csproj", "{E3659317-0BF1-45A9-B3EB-5B11344D17E1}"
EndProject
Project("{FAE04EC0-301F-11D3-BF4B-00C04F79EFBC}") = "SampleRpWebApp.Tests", "SampleRpWebApp.Tests\SampleRpWebApp.Tests.csproj", "{6B765389-C339-4D2B-914D-F8CAFAAD094C}"
EndProject
Global
	GlobalSection(SolutionConfigurationPlatforms) = preSolution
		Debug|Any CPU = Debug|Any CPU
		Release|Any CPU = Release|Any CPU
	EndGlobalSection
	GlobalSection(ProjectConfigurationPlatforms) = postSolution
		{E3659317-0BF1-45A9-B3EB-5B11344D17E1}.Debug|Any CPU.ActiveCfg = Debug|Any CPU
		{E3659317-0BF1-45A9-B3EB-5B11344D17E1}.Debug|Any CPU.Build.0 = Debug|Any CPU
		{E3659317-0BF1-45A9-B3EB-5B11344D17E1}.Release|Any CPU.ActiveCfg = Release|Any CPU
		{E3659317-0BF1-45A9-B3EB-5B11344D17E1}.Release|Any CPU.Build.0 = Release|Any CPU
		{6B765389-C339-4D2B-914D-F8CAFAAD094C}.Debug|Any CPU.ActiveCfg = Debug|Any CPU
		{6B765389-C339-4D2B-914D-F8CAFAAD094C}.Debug|Any CPU.Build.0 = Debug|Any CPU
		{6B765389-C339-4D2B-914D-F8CAFAAD094C}.Release|Any CPU.ActiveCfg = Release|Any CPU
		{6B765389-C339-4D2B-914D-F8CAFAAD094C}.Release|Any CPU.Build.0 = Release|Any CPU
	EndGlobalSection
	GlobalSection(SolutionProperties) = preSolution
		HideSolutionNode = FALSE
	EndGlobalSection
EndGlobal
