
Microsoft Visual Studio Solution File, Format Version 12.00
# Visual Studio 2012
Project("{FAE04EC0-301F-11D3-BF4B-00C04F79EFBC}") = "SampleRpWebApp", "SampleRpWebApp\SampleRpWebApp.csproj", "{8178F108-4293-49E0-9837-3B16A8747D2D}"
EndProject
Project("{FAE04EC0-301F-11D3-BF4B-00C04F79EFBC}") = "SampleRpWebApp.Tests", "SampleRpWebApp.Tests\SampleRpWebApp.Tests.csproj", "{7CB7DB3C-5084-448E-99BC-2A9836B1FE26}"
EndProject
Global
	GlobalSection(SolutionConfigurationPlatforms) = preSolution
		Debug|Any CPU = Debug|Any CPU
		Release|Any CPU = Release|Any CPU
	EndGlobalSection
	GlobalSection(ProjectConfigurationPlatforms) = postSolution
		{8178F108-4293-49E0-9837-3B16A8747D2D}.Debug|Any CPU.ActiveCfg = Debug|Any CPU
		{8178F108-4293-49E0-9837-3B16A8747D2D}.Debug|Any CPU.Build.0 = Debug|Any CPU
		{8178F108-4293-49E0-9837-3B16A8747D2D}.Release|Any CPU.ActiveCfg = Release|Any CPU
		{8178F108-4293-49E0-9837-3B16A8747D2D}.Release|Any CPU.Build.0 = Release|Any CPU
		{7CB7DB3C-5084-448E-99BC-2A9836B1FE26}.Debug|Any CPU.ActiveCfg = Debug|Any CPU
		{7CB7DB3C-5084-448E-99BC-2A9836B1FE26}.Debug|Any CPU.Build.0 = Debug|Any CPU
		{7CB7DB3C-5084-448E-99BC-2A9836B1FE26}.Release|Any CPU.ActiveCfg = Release|Any CPU
		{7CB7DB3C-5084-448E-99BC-2A9836B1FE26}.Release|Any CPU.Build.0 = Release|Any CPU
	EndGlobalSection
	GlobalSection(SolutionProperties) = preSolution
		HideSolutionNode = FALSE
	EndGlobalSection
EndGlobal
